
Microsoft Visual Studio Solution File, Format Version 12.00
# Visual Studio Version 17
VisualStudioVersion = 17.9.34728.123
MinimumVisualStudioVersion = 10.0.40219.1
Project("{9A19103F-16F7-4668-BE54-9A1E7A4F7556}") = "Api", "Api\Api.csproj", "{9DAB1DBC-C131-4284-9A3F-620D1E234B7B}"
EndProject
Project("{9A19103F-16F7-4668-BE54-9A1E7A4F7556}") = "Domain", "Domain\Domain.csproj", "{1DFC040D-8712-4EF3-8AC1-DA0DA004195C}"
EndProject
Project("{9A19103F-16F7-4668-BE54-9A1E7A4F7556}") = "Application", "Application\Application.csproj", "{8EE78CEE-3CC0-4F4E-9C23-62813143EB47}"
EndProject
Project("{9A19103F-16F7-4668-BE54-9A1E7A4F7556}") = "Infrastructure", "Infrastructure\Infrastructure.csproj", "{4D8C960E-AE4B-403B-B340-2E15CD9155B0}"
EndProject
Project("{2150E333-8FDC-42A3-9474-1A3956D46DE8}") = "src", "src", "{4559C4CE-FB9E-45F4-8701-1E9452190EC8}"
EndProject
Project("{2150E333-8FDC-42A3-9474-1A3956D46DE8}") = "Tests", "Tests", "{ADF44024-472A-425E-9504-FCF22661C017}"
EndProject
Project("{FAE04EC0-301F-11D3-BF4B-00C04F79EFBC}") = "Application.Tests", "Application.Tests\Application.Tests.csproj", "{D09D792A-C720-4BE0-B850-136D691B4517}"
EndProject
Global
	GlobalSection(SolutionConfigurationPlatforms) = preSolution
		Debug|Any CPU = Debug|Any CPU
		Release|Any CPU = Release|Any CPU
	EndGlobalSection
	GlobalSection(ProjectConfigurationPlatforms) = postSolution
		{9DAB1DBC-C131-4284-9A3F-620D1E234B7B}.Debug|Any CPU.ActiveCfg = Debug|Any CPU
		{9DAB1DBC-C131-4284-9A3F-620D1E234B7B}.Debug|Any CPU.Build.0 = Debug|Any CPU
		{9DAB1DBC-C131-4284-9A3F-620D1E234B7B}.Release|Any CPU.ActiveCfg = Release|Any CPU
		{9DAB1DBC-C131-4284-9A3F-620D1E234B7B}.Release|Any CPU.Build.0 = Release|Any CPU
		{1DFC040D-8712-4EF3-8AC1-DA0DA004195C}.Debug|Any CPU.ActiveCfg = Debug|Any CPU
		{1DFC040D-8712-4EF3-8AC1-DA0DA004195C}.Debug|Any CPU.Build.0 = Debug|Any CPU
		{1DFC040D-8712-4EF3-8AC1-DA0DA004195C}.Release|Any CPU.ActiveCfg = Release|Any CPU
		{1DFC040D-8712-4EF3-8AC1-DA0DA004195C}.Release|Any CPU.Build.0 = Release|Any CPU
		{8EE78CEE-3CC0-4F4E-9C23-62813143EB47}.Debug|Any CPU.ActiveCfg = Debug|Any CPU
		{8EE78CEE-3CC0-4F4E-9C23-62813143EB47}.Debug|Any CPU.Build.0 = Debug|Any CPU
		{8EE78CEE-3CC0-4F4E-9C23-62813143EB47}.Release|Any CPU.ActiveCfg = Release|Any CPU
		{8EE78CEE-3CC0-4F4E-9C23-62813143EB47}.Release|Any CPU.Build.0 = Release|Any CPU
		{4D8C960E-AE4B-403B-B340-2E15CD9155B0}.Debug|Any CPU.ActiveCfg = Debug|Any CPU
		{4D8C960E-AE4B-403B-B340-2E15CD9155B0}.Debug|Any CPU.Build.0 = Debug|Any CPU
		{4D8C960E-AE4B-403B-B340-2E15CD9155B0}.Release|Any CPU.ActiveCfg = Release|Any CPU
		{4D8C960E-AE4B-403B-B340-2E15CD9155B0}.Release|Any CPU.Build.0 = Release|Any CPU
		{D09D792A-C720-4BE0-B850-136D691B4517}.Debug|Any CPU.ActiveCfg = Debug|Any CPU
		{D09D792A-C720-4BE0-B850-136D691B4517}.Debug|Any CPU.Build.0 = Debug|Any CPU
		{D09D792A-C720-4BE0-B850-136D691B4517}.Release|Any CPU.ActiveCfg = Release|Any CPU
		{D09D792A-C720-4BE0-B850-136D691B4517}.Release|Any CPU.Build.0 = Release|Any CPU
	EndGlobalSection
	GlobalSection(SolutionProperties) = preSolution
		HideSolutionNode = FALSE
	EndGlobalSection
	GlobalSection(NestedProjects) = preSolution
		{9DAB1DBC-C131-4284-9A3F-620D1E234B7B} = {4559C4CE-FB9E-45F4-8701-1E9452190EC8}
		{1DFC040D-8712-4EF3-8AC1-DA0DA004195C} = {4559C4CE-FB9E-45F4-8701-1E9452190EC8}
		{8EE78CEE-3CC0-4F4E-9C23-62813143EB47} = {4559C4CE-FB9E-45F4-8701-1E9452190EC8}
		{4D8C960E-AE4B-403B-B340-2E15CD9155B0} = {4559C4CE-FB9E-45F4-8701-1E9452190EC8}
		{D09D792A-C720-4BE0-B850-136D691B4517} = {ADF44024-472A-425E-9504-FCF22661C017}
	EndGlobalSection
	GlobalSection(ExtensibilityGlobals) = postSolution
		SolutionGuid = {A1F38854-8644-4688-8A3A-54830FE6E70A}
	EndGlobalSection
EndGlobal
